
Microsoft Visual Studio Solution File, Format Version 12.00
# Visual Studio 15
VisualStudioVersion = 15.0.26124.0
MinimumVisualStudioVersion = 15.0.26124.0
Project("{2150E333-8FDC-42A3-9474-1A3956D46DE8}") = "src", "src", "{95F70AAC-72EE-4EA9-B735-103E12FDF6AC}"
EndProject
Project("{FAE04EC0-301F-11D3-BF4B-00C04F79EFBC}") = "LowlandTech.App", "src\lowlandtech.app\LowlandTech.App.csproj", "{299D65B3-BCF4-4A78-A1E7-E3FC5A688B68}"
EndProject
Global
	GlobalSection(SolutionConfigurationPlatforms) = preSolution
		Debug|Any CPU = Debug|Any CPU
		Debug|x64 = Debug|x64
		Debug|x86 = Debug|x86
		Release|Any CPU = Release|Any CPU
		Release|x64 = Release|x64
		Release|x86 = Release|x86
	EndGlobalSection
	GlobalSection(SolutionProperties) = preSolution
		HideSolutionNode = FALSE
	EndGlobalSection
	GlobalSection(ProjectConfigurationPlatforms) = postSolution
		{299D65B3-BCF4-4A78-A1E7-E3FC5A688B68}.Debug|Any CPU.ActiveCfg = Debug|Any CPU
		{299D65B3-BCF4-4A78-A1E7-E3FC5A688B68}.Debug|Any CPU.Build.0 = Debug|Any CPU
		{299D65B3-BCF4-4A78-A1E7-E3FC5A688B68}.Debug|x64.ActiveCfg = Debug|Any CPU
		{299D65B3-BCF4-4A78-A1E7-E3FC5A688B68}.Debug|x64.Build.0 = Debug|Any CPU
		{299D65B3-BCF4-4A78-A1E7-E3FC5A688B68}.Debug|x86.ActiveCfg = Debug|Any CPU
		{299D65B3-BCF4-4A78-A1E7-E3FC5A688B68}.Debug|x86.Build.0 = Debug|Any CPU
		{299D65B3-BCF4-4A78-A1E7-E3FC5A688B68}.Release|Any CPU.ActiveCfg = Release|Any CPU
		{299D65B3-BCF4-4A78-A1E7-E3FC5A688B68}.Release|Any CPU.Build.0 = Release|Any CPU
		{299D65B3-BCF4-4A78-A1E7-E3FC5A688B68}.Release|x64.ActiveCfg = Release|Any CPU
		{299D65B3-BCF4-4A78-A1E7-E3FC5A688B68}.Release|x64.Build.0 = Release|Any CPU
		{299D65B3-BCF4-4A78-A1E7-E3FC5A688B68}.Release|x86.ActiveCfg = Release|Any CPU
		{299D65B3-BCF4-4A78-A1E7-E3FC5A688B68}.Release|x86.Build.0 = Release|Any CPU
	EndGlobalSection
	GlobalSection(NestedProjects) = preSolution
		{299D65B3-BCF4-4A78-A1E7-E3FC5A688B68} = {95F70AAC-72EE-4EA9-B735-103E12FDF6AC}
	EndGlobalSection
EndGlobal
